
Microsoft Visual Studio Solution File, Format Version 12.00
# Visual Studio 14
VisualStudioVersion = 14.0.25420.1
MinimumVisualStudioVersion = 10.0.40219.1
Project("{2150E333-8FDC-42A3-9474-1A3956D46DE8}") = "Solution Items", "Solution Items", "{9034CA75-00C4-4600-9D45-2F772B45C8F9}"
	ProjectSection(SolutionItems) = preProject
		.travis.yml = .travis.yml
		appveyor.yml = appveyor.yml
		build.cake = build.cake
		LICENSE.txt = LICENSE.txt
	EndProjectSection
EndProject
Project("{FAE04EC0-301F-11D3-BF4B-00C04F79EFBC}") = "test-nunit-summary.exe", "src\test-nunit-summary.exe\test-nunit-summary.exe.csproj", "{034E6F75-1087-4349-ADE0-1E63BAFE041A}"
EndProject
Project("{FAE04EC0-301F-11D3-BF4B-00C04F79EFBC}") = "nunit-summary.exe", "src\nunit-summary.exe\nunit-summary.exe.csproj", "{342F4AEF-64E8-449D-BC46-75E4ED239F19}"
EndProject
Global
	GlobalSection(SolutionConfigurationPlatforms) = preSolution
		Debug|Any CPU = Debug|Any CPU
		Release|Any CPU = Release|Any CPU
	EndGlobalSection
	GlobalSection(ProjectConfigurationPlatforms) = postSolution
		{034E6F75-1087-4349-ADE0-1E63BAFE041A}.Debug|Any CPU.ActiveCfg = Debug|Any CPU
		{034E6F75-1087-4349-ADE0-1E63BAFE041A}.Debug|Any CPU.Build.0 = Debug|Any CPU
		{034E6F75-1087-4349-ADE0-1E63BAFE041A}.Release|Any CPU.ActiveCfg = Release|Any CPU
		{034E6F75-1087-4349-ADE0-1E63BAFE041A}.Release|Any CPU.Build.0 = Release|Any CPU
		{342F4AEF-64E8-449D-BC46-75E4ED239F19}.Debug|Any CPU.ActiveCfg = Debug|Any CPU
		{342F4AEF-64E8-449D-BC46-75E4ED239F19}.Debug|Any CPU.Build.0 = Debug|Any CPU
		{342F4AEF-64E8-449D-BC46-75E4ED239F19}.Release|Any CPU.ActiveCfg = Release|Any CPU
		{342F4AEF-64E8-449D-BC46-75E4ED239F19}.Release|Any CPU.Build.0 = Release|Any CPU
	EndGlobalSection
	GlobalSection(SolutionProperties) = preSolution
		HideSolutionNode = FALSE
	EndGlobalSection
EndGlobal
